// !$*UTF8*$!
{
	archiveVersion = 1;
	classes = {
	};
	objectVersion = 46;
	objects = {

/* Begin PBXBuildFile section */
		9BBFDF001DC6CE8700C84A40 /* main.m in Sources */ = {isa = PBXBuildFile; fileRef = 9BBFDEFF1DC6CE8700C84A40 /* main.m */; };
		9BBFDF031DC6CE8700C84A40 /* AppDelegate.m in Sources */ = {isa = PBXBuildFile; fileRef = 9BBFDF021DC6CE8700C84A40 /* AppDelegate.m */; };
		9BBFDF061DC6CE8700C84A40 /* ViewController.m in Sources */ = {isa = PBXBuildFile; fileRef = 9BBFDF051DC6CE8700C84A40 /* ViewController.m */; };
		9BBFDF091DC6CE8700C84A40 /* Main.storyboard in Resources */ = {isa = PBXBuildFile; fileRef = 9BBFDF071DC6CE8700C84A40 /* Main.storyboard */; };
		9BBFDF0B1DC6CE8700C84A40 /* Assets.xcassets in Resources */ = {isa = PBXBuildFile; fileRef = 9BBFDF0A1DC6CE8700C84A40 /* Assets.xcassets */; };
		9BBFDF0E1DC6CE8700C84A40 /* LaunchScreen.storyboard in Resources */ = {isa = PBXBuildFile; fileRef = 9BBFDF0C1DC6CE8700C84A40 /* LaunchScreen.storyboard */; };
		9BBFDF191DC6CE8700C84A40 /* firstAppTests.m in Sources */ = {isa = PBXBuildFile; fileRef = 9BBFDF181DC6CE8700C84A40 /* firstAppTests.m */; };
		9BBFDF241DC6CE8700C84A40 /* firstAppUITests.m in Sources */ = {isa = PBXBuildFile; fileRef = 9BBFDF231DC6CE8700C84A40 /* firstAppUITests.m */; };
/* End PBXBuildFile section */

/* Begin PBXContainerItemProxy section */
		9BBFDF151DC6CE8700C84A40 /* PBXContainerItemProxy */ = {
			isa = PBXContainerItemProxy;
			containerPortal = 9BBFDEF31DC6CE8700C84A40 /* Project object */;
			proxyType = 1;
			remoteGlobalIDString = 9BBFDEFA1DC6CE8700C84A40;
			remoteInfo = firstApp;
		};
		9BBFDF201DC6CE8700C84A40 /* PBXContainerItemProxy */ = {
			isa = PBXContainerItemProxy;
			containerPortal = 9BBFDEF31DC6CE8700C84A40 /* Project object */;
			proxyType = 1;
			remoteGlobalIDString = 9BBFDEFA1DC6CE8700C84A40;
			remoteInfo = firstApp;
		};
/* End PBXContainerItemProxy section */

/* Begin PBXFileReference section */
		9BBFDEFB1DC6CE8700C84A40 /* firstApp.app */ = {isa = PBXFileReference; explicitFileType = wrapper.application; includeInIndex = 0; path = firstApp.app; sourceTree = BUILT_PRODUCTS_DIR; };
		9BBFDEFF1DC6CE8700C84A40 /* main.m */ = {isa = PBXFileReference; lastKnownFileType = sourcecode.c.objc; path = main.m; sourceTree = "<group>"; };
		9BBFDF011DC6CE8700C84A40 /* AppDelegate.h */ = {isa = PBXFileReference; lastKnownFileType = sourcecode.c.h; path = AppDelegate.h; sourceTree = "<group>"; };
		9BBFDF021DC6CE8700C84A40 /* AppDelegate.m */ = {isa = PBXFileReference; lastKnownFileType = sourcecode.c.objc; path = AppDelegate.m; sourceTree = "<group>"; };
		9BBFDF041DC6CE8700C84A40 /* ViewController.h */ = {isa = PBXFileReference; lastKnownFileType = sourcecode.c.h; path = ViewController.h; sourceTree = "<group>"; };
		9BBFDF051DC6CE8700C84A40 /* ViewController.m */ = {isa = PBXFileReference; lastKnownFileType = sourcecode.c.objc; path = ViewController.m; sourceTree = "<group>"; };
		9BBFDF081DC6CE8700C84A40 /* Base */ = {isa = PBXFileReference; lastKnownFileType = file.storyboard; name = Base; path = Base.lproj/Main.storyboard; sourceTree = "<group>"; };
		9BBFDF0A1DC6CE8700C84A40 /* Assets.xcassets */ = {isa = PBXFileReference; lastKnownFileType = folder.assetcatalog; path = Assets.xcassets; sourceTree = "<group>"; };
		9BBFDF0D1DC6CE8700C84A40 /* Base */ = {isa = PBXFileReference; lastKnownFileType = file.storyboard; name = Base; path = Base.lproj/LaunchScreen.storyboard; sourceTree = "<group>"; };
		9BBFDF0F1DC6CE8700C84A40 /* Info.plist */ = {isa = PBXFileReference; lastKnownFileType = text.plist.xml; path = Info.plist; sourceTree = "<group>"; };
		9BBFDF141DC6CE8700C84A40 /* firstAppTests.xctest */ = {isa = PBXFileReference; explicitFileType = wrapper.cfbundle; includeInIndex = 0; path = firstAppTests.xctest; sourceTree = BUILT_PRODUCTS_DIR; };
		9BBFDF181DC6CE8700C84A40 /* firstAppTests.m */ = {isa = PBXFileReference; lastKnownFileType = sourcecode.c.objc; path = firstAppTests.m; sourceTree = "<group>"; };
		9BBFDF1A1DC6CE8700C84A40 /* Info.plist */ = {isa = PBXFileReference; lastKnownFileType = text.plist.xml; path = Info.plist; sourceTree = "<group>"; };
		9BBFDF1F1DC6CE8700C84A40 /* firstAppUITests.xctest */ = {isa = PBXFileReference; explicitFileType = wrapper.cfbundle; includeInIndex = 0; path = firstAppUITests.xctest; sourceTree = BUILT_PRODUCTS_DIR; };
		9BBFDF231DC6CE8700C84A40 /* firstAppUITests.m */ = {isa = PBXFileReference; lastKnownFileType = sourcecode.c.objc; path = firstAppUITests.m; sourceTree = "<group>"; };
		9BBFDF251DC6CE8700C84A40 /* Info.plist */ = {isa = PBXFileReference; lastKnownFileType = text.plist.xml; path = Info.plist; sourceTree = "<group>"; };
/* End PBXFileReference section */

/* Begin PBXFrameworksBuildPhase section */
		9BBFDEF81DC6CE8700C84A40 /* Frameworks */ = {
			isa = PBXFrameworksBuildPhase;
			buildActionMask = 2147483647;
			files = (
			);
			runOnlyForDeploymentPostprocessing = 0;
		};
		9BBFDF111DC6CE8700C84A40 /* Frameworks */ = {
			isa = PBXFrameworksBuildPhase;
			buildActionMask = 2147483647;
			files = (
			);
			runOnlyForDeploymentPostprocessing = 0;
		};
		9BBFDF1C1DC6CE8700C84A40 /* Frameworks */ = {
			isa = PBXFrameworksBuildPhase;
			buildActionMask = 2147483647;
			files = (
			);
			runOnlyForDeploymentPostprocessing = 0;
		};
/* End PBXFrameworksBuildPhase section */

/* Begin PBXGroup section */
		9BBFDEF21DC6CE8700C84A40 = {
			isa = PBXGroup;
			children = (
				9BBFDEFD1DC6CE8700C84A40 /* firstApp */,
				9BBFDF171DC6CE8700C84A40 /* firstAppTests */,
				9BBFDF221DC6CE8700C84A40 /* firstAppUITests */,
				9BBFDEFC1DC6CE8700C84A40 /* Products */,
			);
			sourceTree = "<group>";
		};
		9BBFDEFC1DC6CE8700C84A40 /* Products */ = {
			isa = PBXGroup;
			children = (
				9BBFDEFB1DC6CE8700C84A40 /* firstApp.app */,
				9BBFDF141DC6CE8700C84A40 /* firstAppTests.xctest */,
				9BBFDF1F1DC6CE8700C84A40 /* firstAppUITests.xctest */,
			);
			name = Products;
			sourceTree = "<group>";
		};
		9BBFDEFD1DC6CE8700C84A40 /* firstApp */ = {
			isa = PBXGroup;
			children = (
				9BBFDF011DC6CE8700C84A40 /* AppDelegate.h */,
				9BBFDF021DC6CE8700C84A40 /* AppDelegate.m */,
				9BBFDF041DC6CE8700C84A40 /* ViewController.h */,
				9BBFDF051DC6CE8700C84A40 /* ViewController.m */,
				9BBFDF071DC6CE8700C84A40 /* Main.storyboard */,
				9BBFDF0A1DC6CE8700C84A40 /* Assets.xcassets */,
				9BBFDF0C1DC6CE8700C84A40 /* LaunchScreen.storyboard */,
				9BBFDF0F1DC6CE8700C84A40 /* Info.plist */,
				9BBFDEFE1DC6CE8700C84A40 /* Supporting Files */,
			);
			path = firstApp;
			sourceTree = "<group>";
		};
		9BBFDEFE1DC6CE8700C84A40 /* Supporting Files */ = {
			isa = PBXGroup;
			children = (
				9BBFDEFF1DC6CE8700C84A40 /* main.m */,
			);
			name = "Supporting Files";
			sourceTree = "<group>";
		};
		9BBFDF171DC6CE8700C84A40 /* firstAppTests */ = {
			isa = PBXGroup;
			children = (
				9BBFDF181DC6CE8700C84A40 /* firstAppTests.m */,
				9BBFDF1A1DC6CE8700C84A40 /* Info.plist */,
			);
			path = firstAppTests;
			sourceTree = "<group>";
		};
		9BBFDF221DC6CE8700C84A40 /* firstAppUITests */ = {
			isa = PBXGroup;
			children = (
				9BBFDF231DC6CE8700C84A40 /* firstAppUITests.m */,
				9BBFDF251DC6CE8700C84A40 /* Info.plist */,
			);
			path = firstAppUITests;
			sourceTree = "<group>";
		};
/* End PBXGroup section */

/* Begin PBXNativeTarget section */
		9BBFDEFA1DC6CE8700C84A40 /* firstApp */ = {
			isa = PBXNativeTarget;
			buildConfigurationList = 9BBFDF281DC6CE8700C84A40 /* Build configuration list for PBXNativeTarget "firstApp" */;
			buildPhases = (
				9BBFDEF71DC6CE8700C84A40 /* Sources */,
				9BBFDEF81DC6CE8700C84A40 /* Frameworks */,
				9BBFDEF91DC6CE8700C84A40 /* Resources */,
			);
			buildRules = (
			);
			dependencies = (
			);
			name = firstApp;
			productName = firstApp;
			productReference = 9BBFDEFB1DC6CE8700C84A40 /* firstApp.app */;
			productType = "com.apple.product-type.application";
		};
		9BBFDF131DC6CE8700C84A40 /* firstAppTests */ = {
			isa = PBXNativeTarget;
			buildConfigurationList = 9BBFDF2B1DC6CE8700C84A40 /* Build configuration list for PBXNativeTarget "firstAppTests" */;
			buildPhases = (
				9BBFDF101DC6CE8700C84A40 /* Sources */,
				9BBFDF111DC6CE8700C84A40 /* Frameworks */,
				9BBFDF121DC6CE8700C84A40 /* Resources */,
			);
			buildRules = (
			);
			dependencies = (
				9BBFDF161DC6CE8700C84A40 /* PBXTargetDependency */,
			);
			name = firstAppTests;
			productName = firstAppTests;
			productReference = 9BBFDF141DC6CE8700C84A40 /* firstAppTests.xctest */;
			productType = "com.apple.product-type.bundle.unit-test";
		};
		9BBFDF1E1DC6CE8700C84A40 /* firstAppUITests */ = {
			isa = PBXNativeTarget;
			buildConfigurationList = 9BBFDF2E1DC6CE8700C84A40 /* Build configuration list for PBXNativeTarget "firstAppUITests" */;
			buildPhases = (
				9BBFDF1B1DC6CE8700C84A40 /* Sources */,
				9BBFDF1C1DC6CE8700C84A40 /* Frameworks */,
				9BBFDF1D1DC6CE8700C84A40 /* Resources */,
			);
			buildRules = (
			);
			dependencies = (
				9BBFDF211DC6CE8700C84A40 /* PBXTargetDependency */,
			);
			name = firstAppUITests;
			productName = firstAppUITests;
			productReference = 9BBFDF1F1DC6CE8700C84A40 /* firstAppUITests.xctest */;
			productType = "com.apple.product-type.bundle.ui-testing";
		};
/* End PBXNativeTarget section */

/* Begin PBXProject section */
		9BBFDEF31DC6CE8700C84A40 /* Project object */ = {
			isa = PBXProject;
			attributes = {
				LastUpgradeCheck = 0730;
				ORGANIZATIONNAME = youran;
				TargetAttributes = {
					9BBFDEFA1DC6CE8700C84A40 = {
						CreatedOnToolsVersion = 7.3.1;
						DevelopmentTeam = M5JU2R9TYN;
					};
					9BBFDF131DC6CE8700C84A40 = {
						CreatedOnToolsVersion = 7.3.1;
						DevelopmentTeam = M5JU2R9TYN;
						TestTargetID = 9BBFDEFA1DC6CE8700C84A40;
					};
					9BBFDF1E1DC6CE8700C84A40 = {
						CreatedOnToolsVersion = 7.3.1;
						DevelopmentTeam = M5JU2R9TYN;
						TestTargetID = 9BBFDEFA1DC6CE8700C84A40;
					};
				};
			};
			buildConfigurationList = 9BBFDEF61DC6CE8700C84A40 /* Build configuration list for PBXProject "firstApp" */;
			compatibilityVersion = "Xcode 3.2";
			developmentRegion = English;
			hasScannedForEncodings = 0;
			knownRegions = (
				en,
				Base,
			);
			mainGroup = 9BBFDEF21DC6CE8700C84A40;
			productRefGroup = 9BBFDEFC1DC6CE8700C84A40 /* Products */;
			projectDirPath = "";
			projectRoot = "";
			targets = (
				9BBFDEFA1DC6CE8700C84A40 /* firstApp */,
				9BBFDF131DC6CE8700C84A40 /* firstAppTests */,
				9BBFDF1E1DC6CE8700C84A40 /* firstAppUITests */,
			);
		};
/* End PBXProject section */

/* Begin PBXResourcesBuildPhase section */
		9BBFDEF91DC6CE8700C84A40 /* Resources */ = {
			isa = PBXResourcesBuildPhase;
			buildActionMask = 2147483647;
			files = (
				9BBFDF0E1DC6CE8700C84A40 /* LaunchScreen.storyboard in Resources */,
				9BBFDF0B1DC6CE8700C84A40 /* Assets.xcassets in Resources */,
				9BBFDF091DC6CE8700C84A40 /* Main.storyboard in Resources */,
			);
			runOnlyForDeploymentPostprocessing = 0;
		};
		9BBFDF121DC6CE8700C84A40 /* Resources */ = {
			isa = PBXResourcesBuildPhase;
			buildActionMask = 2147483647;
			files = (
			);
			runOnlyForDeploymentPostprocessing = 0;
		};
		9BBFDF1D1DC6CE8700C84A40 /* Resources */ = {
			isa = PBXResourcesBuildPhase;
			buildActionMask = 2147483647;
			files = (
			);
			runOnlyForDeploymentPostprocessing = 0;
		};
/* End PBXResourcesBuildPhase section */

/* Begin PBXSourcesBuildPhase section */
		9BBFDEF71DC6CE8700C84A40 /* Sources */ = {
			isa = PBXSourcesBuildPhase;
			buildActionMask = 2147483647;
			files = (
				9BBFDF061DC6CE8700C84A40 /* ViewController.m in Sources */,
				9BBFDF031DC6CE8700C84A40 /* AppDelegate.m in Sources */,
				9BBFDF001DC6CE8700C84A40 /* main.m in Sources */,
			);
			runOnlyForDeploymentPostprocessing = 0;
		};
		9BBFDF101DC6CE8700C84A40 /* Sources */ = {
			isa = PBXSourcesBuildPhase;
			buildActionMask = 2147483647;
			files = (
				9BBFDF191DC6CE8700C84A40 /* firstAppTests.m in Sources */,
			);
			runOnlyForDeploymentPostprocessing = 0;
		};
		9BBFDF1B1DC6CE8700C84A40 /* Sources */ = {
			isa = PBXSourcesBuildPhase;
			buildActionMask = 2147483647;
			files = (
				9BBFDF241DC6CE8700C84A40 /* firstAppUITests.m in Sources */,
			);
			runOnlyForDeploymentPostprocessing = 0;
		};
/* End PBXSourcesBuildPhase section */

/* Begin PBXTargetDependency section */
		9BBFDF161DC6CE8700C84A40 /* PBXTargetDependency */ = {
			isa = PBXTargetDependency;
			target = 9BBFDEFA1DC6CE8700C84A40 /* firstApp */;
			targetProxy = 9BBFDF151DC6CE8700C84A40 /* PBXContainerItemProxy */;
		};
		9BBFDF211DC6CE8700C84A40 /* PBXTargetDependency */ = {
			isa = PBXTargetDependency;
			target = 9BBFDEFA1DC6CE8700C84A40 /* firstApp */;
			targetProxy = 9BBFDF201DC6CE8700C84A40 /* PBXContainerItemProxy */;
		};
/* End PBXTargetDependency section */

/* Begin PBXVariantGroup section */
		9BBFDF071DC6CE8700C84A40 /* Main.storyboard */ = {
			isa = PBXVariantGroup;
			children = (
				9BBFDF081DC6CE8700C84A40 /* Base */,
			);
			name = Main.storyboard;
			sourceTree = "<group>";
		};
		9BBFDF0C1DC6CE8700C84A40 /* LaunchScreen.storyboard */ = {
			isa = PBXVariantGroup;
			children = (
				9BBFDF0D1DC6CE8700C84A40 /* Base */,
			);
			name = LaunchScreen.storyboard;
			sourceTree = "<group>";
		};
/* End PBXVariantGroup section */

/* Begin XCBuildConfiguration section */
		9BBFDF261DC6CE8700C84A40 /* Debug */ = {
			isa = XCBuildConfiguration;
			buildSettings = {
				ALWAYS_SEARCH_USER_PATHS = NO;
				CLANG_ANALYZER_NONNULL = YES;
				CLANG_CXX_LANGUAGE_STANDARD = "gnu++0x";
				CLANG_CXX_LIBRARY = "libc++";
				CLANG_ENABLE_MODULES = YES;
				CLANG_ENABLE_OBJC_ARC = YES;
				CLANG_WARN_BOOL_CONVERSION = YES;
				CLANG_WARN_CONSTANT_CONVERSION = YES;
				CLANG_WARN_DIRECT_OBJC_ISA_USAGE = YES_ERROR;
				CLANG_WARN_EMPTY_BODY = YES;
				CLANG_WARN_ENUM_CONVERSION = YES;
				CLANG_WARN_INT_CONVERSION = YES;
				CLANG_WARN_OBJC_ROOT_CLASS = YES_ERROR;
				CLANG_WARN_UNREACHABLE_CODE = YES;
				CLANG_WARN__DUPLICATE_METHOD_MATCH = YES;
				"CODE_SIGN_IDENTITY[sdk=iphoneos*]" = "iPhone Developer";
				COPY_PHASE_STRIP = NO;
				DEBUG_INFORMATION_FORMAT = dwarf;
				ENABLE_STRICT_OBJC_MSGSEND = YES;
				ENABLE_TESTABILITY = YES;
				GCC_C_LANGUAGE_STANDARD = gnu99;
				GCC_DYNAMIC_NO_PIC = NO;
				GCC_NO_COMMON_BLOCKS = YES;
				GCC_OPTIMIZATION_LEVEL = 0;
				GCC_PREPROCESSOR_DEFINITIONS = (
					"DEBUG=1",
					"$(inherited)",
				);
				GCC_WARN_64_TO_32_BIT_CONVERSION = YES;
				GCC_WARN_ABOUT_RETURN_TYPE = YES_ERROR;
				GCC_WARN_UNDECLARED_SELECTOR = YES;
				GCC_WARN_UNINITIALIZED_AUTOS = YES_AGGRESSIVE;
				GCC_WARN_UNUSED_FUNCTION = YES;
				GCC_WARN_UNUSED_VARIABLE = YES;
				IPHONEOS_DEPLOYMENT_TARGET = 9.3;
				MTL_ENABLE_DEBUG_INFO = YES;
				ONLY_ACTIVE_ARCH = YES;
				SDKROOT = iphoneos;
				TARGETED_DEVICE_FAMILY = "1,2";
			};
			name = Debug;
		};
		9BBFDF271DC6CE8700C84A40 /* Release */ = {
			isa = XCBuildConfiguration;
			buildSettings = {
				ALWAYS_SEARCH_USER_PATHS = NO;
				CLANG_ANALYZER_NONNULL = YES;
				CLANG_CXX_LANGUAGE_STANDARD = "gnu++0x";
				CLANG_CXX_LIBRARY = "libc++";
				CLANG_ENABLE_MODULES = YES;
				CLANG_ENABLE_OBJC_ARC = YES;
				CLANG_WARN_BOOL_CONVERSION = YES;
				CLANG_WARN_CONSTANT_CONVERSION = YES;
				CLANG_WARN_DIRECT_OBJC_ISA_USAGE = YES_ERROR;
				CLANG_WARN_EMPTY_BODY = YES;
				CLANG_WARN_ENUM_CONVERSION = YES;
				CLANG_WARN_INT_CONVERSION = YES;
				CLANG_WARN_OBJC_ROOT_CLASS = YES_ERROR;
				CLANG_WARN_UNREACHABLE_CODE = YES;
				CLANG_WARN__DUPLICATE_METHOD_MATCH = YES;
				"CODE_SIGN_IDENTITY[sdk=iphoneos*]" = "iPhone Developer";
				COPY_PHASE_STRIP = NO;
				DEBUG_INFORMATION_FORMAT = "dwarf-with-dsym";
				ENABLE_NS_ASSERTIONS = NO;
				ENABLE_STRICT_OBJC_MSGSEND = YES;
				GCC_C_LANGUAGE_STANDARD = gnu99;
				GCC_NO_COMMON_BLOCKS = YES;
				GCC_WARN_64_TO_32_BIT_CONVERSION = YES;
				GCC_WARN_ABOUT_RETURN_TYPE = YES_ERROR;
				GCC_WARN_UNDECLARED_SELECTOR = YES;
				GCC_WARN_UNINITIALIZED_AUTOS = YES_AGGRESSIVE;
				GCC_WARN_UNUSED_FUNCTION = YES;
				GCC_WARN_UNUSED_VARIABLE = YES;
				IPHONEOS_DEPLOYMENT_TARGET = 9.3;
				MTL_ENABLE_DEBUG_INFO = NO;
				SDKROOT = iphoneos;
				TARGETED_DEVICE_FAMILY = "1,2";
				VALIDATE_PRODUCT = YES;
			};
			name = Release;
		};
		9BBFDF291DC6CE8700C84A40 /* Debug */ = {
			isa = XCBuildConfiguration;
			buildSettings = {
				ASSETCATALOG_COMPILER_APPICON_NAME = AppIcon;
				CODE_SIGN_IDENTITY = "iPhone Developer";
				"CODE_SIGN_IDENTITY[sdk=iphoneos*]" = "iPhone Developer";
				INFOPLIST_FILE = firstApp/Info.plist;
				LD_RUNPATH_SEARCH_PATHS = "$(inherited) @executable_path/Frameworks";
				PRODUCT_BUNDLE_IDENTIFIER = com.deltalpha.firstApp;
				PRODUCT_NAME = "$(TARGET_NAME)";
				PROVISIONING_PROFILE = "";
			};
			name = Debug;
		};
		9BBFDF2A1DC6CE8700C84A40 /* Release */ = {
			isa = XCBuildConfiguration;
			buildSettings = {
				ASSETCATALOG_COMPILER_APPICON_NAME = AppIcon;
				CODE_SIGN_IDENTITY = "iPhone Developer";
				"CODE_SIGN_IDENTITY[sdk=iphoneos*]" = "iPhone Developer";
				INFOPLIST_FILE = firstApp/Info.plist;
				LD_RUNPATH_SEARCH_PATHS = "$(inherited) @executable_path/Frameworks";
				PRODUCT_BUNDLE_IDENTIFIER = com.deltalpha.firstApp;
				PRODUCT_NAME = "$(TARGET_NAME)";
				PROVISIONING_PROFILE = "";
			};
			name = Release;
		};
		9BBFDF2C1DC6CE8700C84A40 /* Debug */ = {
			isa = XCBuildConfiguration;
			buildSettings = {
				BUNDLE_LOADER = "$(TEST_HOST)";
				INFOPLIST_FILE = firstAppTests/Info.plist;
				LD_RUNPATH_SEARCH_PATHS = "$(inherited) @executable_path/Frameworks @loader_path/Frameworks";
				PRODUCT_BUNDLE_IDENTIFIER = com.deltalpha.firstAppTests;
				PRODUCT_NAME = "$(TARGET_NAME)";
				TEST_HOST = "$(BUILT_PRODUCTS_DIR)/firstApp.app/firstApp";
			};
			name = Debug;
		};
		9BBFDF2D1DC6CE8700C84A40 /* Release */ = {
			isa = XCBuildConfiguration;
			buildSettings = {
				BUNDLE_LOADER = "$(TEST_HOST)";
				INFOPLIST_FILE = firstAppTests/Info.plist;
				LD_RUNPATH_SEARCH_PATHS = "$(inherited) @executable_path/Frameworks @loader_path/Frameworks";
				PRODUCT_BUNDLE_IDENTIFIER = com.deltalpha.firstAppTests;
				PRODUCT_NAME = "$(TARGET_NAME)";
				TEST_HOST = "$(BUILT_PRODUCTS_DIR)/firstApp.app/firstApp";
			};
			name = Release;
		};
		9BBFDF2F1DC6CE8700C84A40 /* Debug */ = {
			isa = XCBuildConfiguration;
			buildSettings = {
				INFOPLIST_FILE = firstAppUITests/Info.plist;
				LD_RUNPATH_SEARCH_PATHS = "$(inherited) @executable_path/Frameworks @loader_path/Frameworks";
				PRODUCT_BUNDLE_IDENTIFIER = com.deltalpha.firstAppUITests;
				PRODUCT_NAME = "$(TARGET_NAME)";
				TEST_TARGET_NAME = firstApp;
			};
			name = Debug;
		};
		9BBFDF301DC6CE8700C84A40 /* Release */ = {
			isa = XCBuildConfiguration;
			buildSettings = {
				INFOPLIST_FILE = firstAppUITests/Info.plist;
				LD_RUNPATH_SEARCH_PATHS = "$(inherited) @executable_path/Frameworks @loader_path/Frameworks";
				PRODUCT_BUNDLE_IDENTIFIER = com.deltalpha.firstAppUITests;
				PRODUCT_NAME = "$(TARGET_NAME)";
				TEST_TARGET_NAME = firstApp;
			};
			name = Release;
		};
/* End XCBuildConfiguration section */

/* Begin XCConfigurationList section */
		9BBFDEF61DC6CE8700C84A40 /* Build configuration list for PBXProject "firstApp" */ = {
			isa = XCConfigurationList;
			buildConfigurations = (
				9BBFDF261DC6CE8700C84A40 /* Debug */,
				9BBFDF271DC6CE8700C84A40 /* Release */,
			);
			defaultConfigurationIsVisible = 0;
			defaultConfigurationName = Release;
		};
		9BBFDF281DC6CE8700C84A40 /* Build configuration list for PBXNativeTarget "firstApp" */ = {
			isa = XCConfigurationList;
			buildConfigurations = (
				9BBFDF291DC6CE8700C84A40 /* Debug */,
				9BBFDF2A1DC6CE8700C84A40 /* Release */,
			);
			defaultConfigurationIsVisible = 0;
		};
		9BBFDF2B1DC6CE8700C84A40 /* Build configuration list for PBXNativeTarget "firstAppTests" */ = {
			isa = XCConfigurationList;
			buildConfigurations = (
				9BBFDF2C1DC6CE8700C84A40 /* Debug */,
				9BBFDF2D1DC6CE8700C84A40 /* Release */,
			);
			defaultConfigurationIsVisible = 0;
		};
		9BBFDF2E1DC6CE8700C84A40 /* Build configuration list for PBXNativeTarget "firstAppUITests" */ = {
			isa = XCConfigurationList;
			buildConfigurations = (
				9BBFDF2F1DC6CE8700C84A40 /* Debug */,
				9BBFDF301DC6CE8700C84A40 /* Release */,
			);
			defaultConfigurationIsVisible = 0;
		};
/* End XCConfigurationList section */
	};
	rootObject = 9BBFDEF31DC6CE8700C84A40 /* Project object */;
}
